# THIS IS AN AUTOGENERATED FILE. DO NOT EDIT THIS FILE DIRECTLY.
# yarn lockfile v1


"@esbuild/android-arm64@0.18.20":
  version "0.18.20"
  resolved "http://registry.m.jd.com/@esbuild/android-arm64/download/@esbuild/android-arm64-0.18.20.tgz#984b4f9c8d0377443cc2dfcef266d02244593622"
  integrity sha1-mEtPnI0Dd0Q8wt/O8mbQIkRZNiI=

"@esbuild/android-arm@0.18.20":
  version "0.18.20"
  resolved "http://registry.m.jd.com/@esbuild/android-arm/download/@esbuild/android-arm-0.18.20.tgz#fedb265bc3a589c84cc11f810804f234947c3682"
  integrity sha1-/tsmW8OlichMwR+BCATyNJR8NoI=

"@esbuild/android-x64@0.18.20":
  version "0.18.20"
  resolved "http://registry.m.jd.com/@esbuild/android-x64/download/@esbuild/android-x64-0.18.20.tgz#35cf419c4cfc8babe8893d296cd990e9e9f756f2"
  integrity sha1-Nc9BnEz8i6voiT0pbNmQ6en3VvI=

"@esbuild/darwin-arm64@0.18.20":
  version "0.18.20"
  resolved "http://registry.m.jd.com/@esbuild/darwin-arm64/download/@esbuild/darwin-arm64-0.18.20.tgz#08172cbeccf95fbc383399a7f39cfbddaeb0d7c1"
  integrity sha1-CBcsvsz5X7w4M5mn85z73a6w18E=

"@esbuild/darwin-x64@0.18.20":
  version "0.18.20"
  resolved "http://registry.m.jd.com/@esbuild/darwin-x64/download/@esbuild/darwin-x64-0.18.20.tgz#d70d5790d8bf475556b67d0f8b7c5bdff053d85d"
  integrity sha1-1w1XkNi/R1VWtn0Pi3xb3/BT2F0=

"@esbuild/freebsd-arm64@0.18.20":
  version "0.18.20"
  resolved "http://registry.m.jd.com/@esbuild/freebsd-arm64/download/@esbuild/freebsd-arm64-0.18.20.tgz#98755cd12707f93f210e2494d6a4b51b96977f54"
  integrity sha1-mHVc0ScH+T8hDiSU1qS1G5aXf1Q=

"@esbuild/freebsd-x64@0.18.20":
  version "0.18.20"
  resolved "http://registry.m.jd.com/@esbuild/freebsd-x64/download/@esbuild/freebsd-x64-0.18.20.tgz#c1eb2bff03915f87c29cece4c1a7fa1f423b066e"
  integrity sha1-wesr/wORX4fCnOzkwaf6H0I7Bm4=

"@esbuild/linux-arm64@0.18.20":
  version "0.18.20"
  resolved "http://registry.m.jd.com/@esbuild/linux-arm64/download/@esbuild/linux-arm64-0.18.20.tgz#bad4238bd8f4fc25b5a021280c770ab5fc3a02a0"
  integrity sha1-utQji9j0/CW1oCEoDHcKtfw6AqA=

"@esbuild/linux-arm@0.18.20":
  version "0.18.20"
  resolved "http://registry.m.jd.com/@esbuild/linux-arm/download/@esbuild/linux-arm-0.18.20.tgz#3e617c61f33508a27150ee417543c8ab5acc73b0"
  integrity sha1-PmF8YfM1CKJxUO5BdUPIq1rMc7A=

"@esbuild/linux-ia32@0.18.20":
  version "0.18.20"
  resolved "http://registry.m.jd.com/@esbuild/linux-ia32/download/@esbuild/linux-ia32-0.18.20.tgz#699391cccba9aee6019b7f9892eb99219f1570a7"
  integrity sha1-aZORzMupruYBm3+YkuuZIZ8VcKc=

"@esbuild/linux-loong64@0.18.20":
  version "0.18.20"
  resolved "http://registry.m.jd.com/@esbuild/linux-loong64/download/@esbuild/linux-loong64-0.18.20.tgz#e6fccb7aac178dd2ffb9860465ac89d7f23b977d"
  integrity sha1-5vzLeqwXjdL/uYYEZayJ1/I7l30=

"@esbuild/linux-mips64el@0.18.20":
  version "0.18.20"
  resolved "http://registry.m.jd.com/@esbuild/linux-mips64el/download/@esbuild/linux-mips64el-0.18.20.tgz#eeff3a937de9c2310de30622a957ad1bd9183231"
  integrity sha1-7v86k33pwjEN4wYiqVetG9kYMjE=

"@esbuild/linux-ppc64@0.18.20":
  version "0.18.20"
  resolved "http://registry.m.jd.com/@esbuild/linux-ppc64/download/@esbuild/linux-ppc64-0.18.20.tgz#2f7156bde20b01527993e6881435ad79ba9599fb"
  integrity sha1-L3FWveILAVJ5k+aIFDWtebqVmfs=

"@esbuild/linux-riscv64@0.18.20":
  version "0.18.20"
  resolved "http://registry.m.jd.com/@esbuild/linux-riscv64/download/@esbuild/linux-riscv64-0.18.20.tgz#6628389f210123d8b4743045af8caa7d4ddfc7a6"
  integrity sha1-Zig4nyEBI9i0dDBFr4yqfU3fx6Y=

"@esbuild/linux-s390x@0.18.20":
  version "0.18.20"
  resolved "http://registry.m.jd.com/@esbuild/linux-s390x/download/@esbuild/linux-s390x-0.18.20.tgz#255e81fb289b101026131858ab99fba63dcf0071"
  integrity sha1-JV6B+yibEBAmExhYq5n7pj3PAHE=

"@esbuild/linux-x64@0.18.20":
  version "0.18.20"
  resolved "http://registry.m.jd.com/@esbuild/linux-x64/download/@esbuild/linux-x64-0.18.20.tgz#c7690b3417af318a9b6f96df3031a8865176d338"
  integrity sha1-x2kLNBevMYqbb5bfMDGohlF20zg=

"@esbuild/netbsd-x64@0.18.20":
  version "0.18.20"
  resolved "http://registry.m.jd.com/@esbuild/netbsd-x64/download/@esbuild/netbsd-x64-0.18.20.tgz#30e8cd8a3dded63975e2df2438ca109601ebe0d1"
  integrity sha1-MOjNij3e1jl14t8kOMoQlgHr4NE=

"@esbuild/openbsd-x64@0.18.20":
  version "0.18.20"
  resolved "http://registry.m.jd.com/@esbuild/openbsd-x64/download/@esbuild/openbsd-x64-0.18.20.tgz#7812af31b205055874c8082ea9cf9ab0da6217ae"
  integrity sha1-eBKvMbIFBVh0yAguqc+asNpiF64=

"@esbuild/sunos-x64@0.18.20":
  version "0.18.20"
  resolved "http://registry.m.jd.com/@esbuild/sunos-x64/download/@esbuild/sunos-x64-0.18.20.tgz#d5c275c3b4e73c9b0ecd38d1ca62c020f887ab9d"
  integrity sha1-1cJ1w7TnPJsOzTjRymLAIPiHq50=

"@esbuild/win32-arm64@0.18.20":
  version "0.18.20"
  resolved "http://registry.m.jd.com/@esbuild/win32-arm64/download/@esbuild/win32-arm64-0.18.20.tgz#73bc7f5a9f8a77805f357fab97f290d0e4820ac9"
  integrity sha1-c7x/Wp+Kd4BfNX+rl/KQ0OSCCsk=

"@esbuild/win32-ia32@0.18.20":
  version "0.18.20"
  resolved "http://registry.m.jd.com/@esbuild/win32-ia32/download/@esbuild/win32-ia32-0.18.20.tgz#ec93cbf0ef1085cc12e71e0d661d20569ff42102"
  integrity sha1-7JPL8O8QhcwS5x4NZh0gVp/0IQI=

"@esbuild/win32-x64@0.18.20":
  version "0.18.20"
  resolved "http://registry.m.jd.com/@esbuild/win32-x64/download/@esbuild/win32-x64-0.18.20.tgz#786c5f41f043b07afb1af37683d7c33668858f6d"
  integrity sha1-eGxfQfBDsHr7GvN2g9fDNmiFj20=

"@jridgewell/gen-mapping@^0.3.2":
  version "0.3.3"
  resolved "http://registry.m.jd.com/@jridgewell/gen-mapping/download/@jridgewell/gen-mapping-0.3.3.tgz#7e02e6eb5df901aaedb08514203b096614024098"
  integrity sha1-fgLm6135AartsIUUIDsJZhQCQJg=
  dependencies:
    "@jridgewell/set-array" "^1.0.1"
    "@jridgewell/sourcemap-codec" "^1.4.10"
    "@jridgewell/trace-mapping" "^0.3.9"

"@jridgewell/resolve-uri@^3.1.0":
  version "3.1.1"
  resolved "http://registry.m.jd.com/@jridgewell/resolve-uri/download/@jridgewell/resolve-uri-3.1.1.tgz#c08679063f279615a3326583ba3a90d1d82cc721"
  integrity sha1-wIZ5Bj8nlhWjMmWDujqQ0dgsxyE=

"@jridgewell/set-array@^1.0.1":
  version "1.1.2"
  resolved "http://registry.m.jd.com/@jridgewell/set-array/download/@jridgewell/set-array-1.1.2.tgz#7c6cf998d6d20b914c0a55a91ae928ff25965e72"
  integrity sha1-fGz5mNbSC5FMClWpGuko/yWWXnI=

"@jridgewell/sourcemap-codec@^1.4.10", "@jridgewell/sourcemap-codec@^1.4.14":
  version "1.4.15"
  resolved "http://registry.m.jd.com/@jridgewell/sourcemap-codec/download/@jridgewell/sourcemap-codec-1.4.15.tgz#d7c6e6755c78567a951e04ab52ef0fd26de59f32"
  integrity sha1-18bmdVx4VnqVHgSrUu8P0m3lnzI=

"@jridgewell/trace-mapping@^0.3.9":
  version "0.3.20"
  resolved "http://registry.m.jd.com/@jridgewell/trace-mapping/download/@jridgewell/trace-mapping-0.3.20.tgz#72e45707cf240fa6b081d0366f8265b0cd10197f"
  integrity sha1-cuRXB88kD6awgdA2b4JlsM0QGX8=
  dependencies:
    "@jridgewell/resolve-uri" "^3.1.0"
    "@jridgewell/sourcemap-codec" "^1.4.14"

"@nodelib/fs.scandir@2.1.5":
  version "2.1.5"
  resolved "http://registry.m.jd.com/@nodelib/fs.scandir/download/@nodelib/fs.scandir-2.1.5.tgz#7619c2eb21b25483f6d167548b4cfd5a7488c3d5"
  integrity sha1-dhnC6yGyVIP20WdUi0z9WnSIw9U=
  dependencies:
    "@nodelib/fs.stat" "2.0.5"
    run-parallel "^1.1.9"

"@nodelib/fs.stat@2.0.5", "@nodelib/fs.stat@^2.0.2":
  version "2.0.5"
  resolved "http://registry.m.jd.com/@nodelib/fs.stat/download/@nodelib/fs.stat-2.0.5.tgz#5bd262af94e9d25bd1e71b05deed44876a222e8b"
  integrity sha1-W9Jir5Tp0lvR5xsF3u1Eh2oiLos=

"@nodelib/fs.walk@^1.2.3":
  version "1.2.8"
  resolved "http://registry.m.jd.com/@nodelib/fs.walk/download/@nodelib/fs.walk-1.2.8.tgz#e95737e8bb6746ddedf69c556953494f196fe69a"
  integrity sha1-6Vc36LtnRt3t9pxVaVNJTxlv5po=
  dependencies:
    "@nodelib/fs.scandir" "2.1.5"
    fastq "^1.6.0"

any-promise@^1.0.0:
  version "1.3.0"
  resolved "http://registry.m.jd.com/any-promise/download/any-promise-1.3.0.tgz#abc6afeedcea52e809cdc0376aed3ce39635d17f"
  integrity sha1-q8av7tzqUugJzcA3au0845Y10X8=

anymatch@~3.1.2:
  version "3.1.3"
  resolved "http://registry.m.jd.com/anymatch/download/anymatch-3.1.3.tgz#790c58b19ba1720a84205b57c618d5ad8524973e"
  integrity sha1-eQxYsZuhcgqEIFtXxhjVrYUklz4=
  dependencies:
    normalize-path "^3.0.0"
    picomatch "^2.0.4"

array-union@^2.1.0:
  version "2.1.0"
  resolved "http://registry.m.jd.com/array-union/download/array-union-2.1.0.tgz#b798420adbeb1de828d84acd8a2e23d3efe85e8d"
  integrity sha1-t5hCCtvrHego2ErNii4j0+/oXo0=

balanced-match@^1.0.0:
  version "1.0.2"
  resolved "http://registry.m.jd.com/balanced-match/download/balanced-match-1.0.2.tgz#e83e3a7e3f300b34cb9d87f615fa0cbf357690ee"
  integrity sha1-6D46fj8wCzTLnYf2FfoMvzV2kO4=

binary-extensions@^2.0.0:
  version "2.2.0"
  resolved "http://registry.m.jd.com/binary-extensions/download/binary-extensions-2.2.0.tgz#75f502eeaf9ffde42fc98829645be4ea76bd9e2d"
  integrity sha1-dfUC7q+f/eQvyYgpZFvk6na9ni0=

brace-expansion@^1.1.7:
  version "1.1.11"
  resolved "http://registry.m.jd.com/brace-expansion/download/brace-expansion-1.1.11.tgz#3c7fcbf529d87226f3d2f52b966ff5271eb441dd"
  integrity sha1-PH/L9SnYcibz0vUrlm/1Jx60Qd0=
  dependencies:
    balanced-match "^1.0.0"
    concat-map "0.0.1"

braces@^3.0.2, braces@~3.0.2:
  version "3.0.2"
  resolved "http://registry.m.jd.com/braces/download/braces-3.0.2.tgz#3454e1a462ee8d599e236df336cd9ea4f8afe107"
  integrity sha1-NFThpGLujVmeI23zNs2epPiv4Qc=
  dependencies:
    fill-range "^7.0.1"

bundle-require@^4.0.0:
  version "4.0.2"
  resolved "http://registry.m.jd.com/bundle-require/download/bundle-require-4.0.2.tgz#65fc74ff14eabbba36d26c9a6161bd78fff6b29e"
  integrity sha1-Zfx0/xTqu7o20myaYWG9eP/2sp4=
  dependencies:
    load-tsconfig "^0.2.3"

cac@^6.7.12:
  version "6.7.14"
  resolved "http://registry.m.jd.com/cac/download/cac-6.7.14.tgz#804e1e6f506ee363cb0e3ccbb09cad5dd9870959"
  integrity sha1-gE4eb1Bu42PLDjzLsJytXdmHCVk=

chokidar@^3.5.1:
  version "3.5.3"
  resolved "http://registry.m.jd.com/chokidar/download/chokidar-3.5.3.tgz#1cf37c8707b932bd1af1ae22c0432e2acd1903bd"
  integrity sha1-HPN8hwe5Mr0a8a4iwEMuKs0ZA70=
  dependencies:
    anymatch "~3.1.2"
    braces "~3.0.2"
    glob-parent "~5.1.2"
    is-binary-path "~2.1.0"
    is-glob "~4.0.1"
    normalize-path "~3.0.0"
    readdirp "~3.6.0"
  optionalDependencies:
    fsevents "~2.3.2"

commander@^4.0.0:
  version "4.1.1"
  resolved "http://registry.m.jd.com/commander/download/commander-4.1.1.tgz#9fd602bd936294e9e9ef46a3f4d6964044b18068"
  integrity sha1-n9YCvZNilOnp70aj9NaWQESxgGg=

concat-map@0.0.1:
  version "0.0.1"
  resolved "http://registry.m.jd.com/concat-map/download/concat-map-0.0.1.tgz#d8a96bd77fd68df7793a73036a3ba0d5405d477b"
  integrity sha1-2Klr13/Wjfd5OnMDajug1UBdR3s=

cross-spawn@^7.0.3:
  version "7.0.3"
  resolved "http://registry.m.jd.com/cross-spawn/download/cross-spawn-7.0.3.tgz#f73a85b9d5d41d045551c177e2882d4ac85728a6"
  integrity sha1-9zqFudXUHQRVUcF34ogtSshXKKY=
  dependencies:
    path-key "^3.1.0"
    shebang-command "^2.0.0"
    which "^2.0.1"

debug@^4.3.1:
  version "4.3.4"
  resolved "http://registry.m.jd.com/debug/download/debug-4.3.4.tgz#1319f6579357f2338d3337d2cdd4914bb5dcc865"
  integrity sha1-Exn2V5NX8jONMzfSzdSRS7XcyGU=
  dependencies:
    ms "2.1.2"

dir-glob@^3.0.1:
  version "3.0.1"
  resolved "http://registry.m.jd.com/dir-glob/download/dir-glob-3.0.1.tgz#56dbf73d992a4a93ba1584f4534063fd2e41717f"
  integrity sha1-Vtv3PZkqSpO6FYT0U0Bj/S5BcX8=
  dependencies:
    path-type "^4.0.0"

esbuild@^0.18.2:
  version "0.18.20"
  resolved "http://registry.m.jd.com/esbuild/download/esbuild-0.18.20.tgz#4709f5a34801b43b799ab7d6d82f7284a9b7a7a6"
  integrity sha1-Rwn1o0gBtDt5mrfW2C9yhKm3p6Y=
  optionalDependencies:
    "@esbuild/android-arm" "0.18.20"
    "@esbuild/android-arm64" "0.18.20"
    "@esbuild/android-x64" "0.18.20"
    "@esbuild/darwin-arm64" "0.18.20"
    "@esbuild/darwin-x64" "0.18.20"
    "@esbuild/freebsd-arm64" "0.18.20"
    "@esbuild/freebsd-x64" "0.18.20"
    "@esbuild/linux-arm" "0.18.20"
    "@esbuild/linux-arm64" "0.18.20"
    "@esbuild/linux-ia32" "0.18.20"
    "@esbuild/linux-loong64" "0.18.20"
    "@esbuild/linux-mips64el" "0.18.20"
    "@esbuild/linux-ppc64" "0.18.20"
    "@esbuild/linux-riscv64" "0.18.20"
    "@esbuild/linux-s390x" "0.18.20"
    "@esbuild/linux-x64" "0.18.20"
    "@esbuild/netbsd-x64" "0.18.20"
    "@esbuild/openbsd-x64" "0.18.20"
    "@esbuild/sunos-x64" "0.18.20"
    "@esbuild/win32-arm64" "0.18.20"
    "@esbuild/win32-ia32" "0.18.20"
    "@esbuild/win32-x64" "0.18.20"

execa@^5.0.0:
  version "5.1.1"
  resolved "http://registry.m.jd.com/execa/download/execa-5.1.1.tgz#f80ad9cbf4298f7bd1d4c9555c21e93741c411dd"
  integrity sha1-+ArZy/Qpj3vR1MlVXCHpN0HEEd0=
  dependencies:
    cross-spawn "^7.0.3"
    get-stream "^6.0.0"
    human-signals "^2.1.0"
    is-stream "^2.0.0"
    merge-stream "^2.0.0"
    npm-run-path "^4.0.1"
    onetime "^5.1.2"
    signal-exit "^3.0.3"
    strip-final-newline "^2.0.0"

fast-glob@^3.2.9:
  version "3.3.2"
  resolved "http://registry.m.jd.com/fast-glob/download/fast-glob-3.3.2.tgz#a904501e57cfdd2ffcded45e99a54fef55e46129"
  integrity sha1-qQRQHlfP3S/83tRemaVP71XkYSk=
  dependencies:
    "@nodelib/fs.stat" "^2.0.2"
    "@nodelib/fs.walk" "^1.2.3"
    glob-parent "^5.1.2"
    merge2 "^1.3.0"
    micromatch "^4.0.4"

fastq@^1.6.0:
  version "1.15.0"
  resolved "http://registry.m.jd.com/fastq/download/fastq-1.15.0.tgz#d04d07c6a2a68fe4599fea8d2e103a937fae6b3a"
  integrity sha1-0E0HxqKmj+RZn+qNLhA6k3+uazo=
  dependencies:
    reusify "^1.0.4"

fill-range@^7.0.1:
  version "7.0.1"
  resolved "http://registry.m.jd.com/fill-range/download/fill-range-7.0.1.tgz#1919a6a7c75fe38b2c7c77e5198535da9acdda40"
  integrity sha1-GRmmp8df44ssfHflGYU12prN2kA=
  dependencies:
    to-regex-range "^5.0.1"

fs.realpath@^1.0.0:
  version "1.0.0"
  resolved "http://registry.m.jd.com/fs.realpath/download/fs.realpath-1.0.0.tgz#1504ad2523158caa40db4a2787cb01411994ea4f"
  integrity sha1-FQStJSMVjKpA20onh8sBQRmU6k8=

fsevents@~2.3.2:
  version "2.3.3"
  resolved "http://registry.m.jd.com/fsevents/download/fsevents-2.3.3.tgz#cac6407785d03675a2a5e1a5305c697b347d90d6"
  integrity sha1-ysZAd4XQNnWipeGlMFxpezR9kNY=

get-stream@^6.0.0:
  version "6.0.1"
  resolved "http://registry.m.jd.com/get-stream/download/get-stream-6.0.1.tgz#a262d8eef67aced57c2852ad6167526a43cbf7b7"
  integrity sha1-omLY7vZ6ztV8KFKtYWdSakPL97c=

glob-parent@^5.1.2, glob-parent@~5.1.2:
  version "5.1.2"
  resolved "http://registry.m.jd.com/glob-parent/download/glob-parent-5.1.2.tgz#869832c58034fe68a4093c17dc15e8340d8401c4"
  integrity sha1-hpgyxYA0/mikCTwX3BXoNA2EAcQ=
  dependencies:
    is-glob "^4.0.1"

glob@7.1.6:
  version "7.1.6"
  resolved "http://registry.m.jd.com/glob/download/glob-7.1.6.tgz#141f33b81a7c2492e125594307480c46679278a6"
  integrity sha1-FB8zuBp8JJLhJVlDB0gMRmeSeKY=
  dependencies:
    fs.realpath "^1.0.0"
    inflight "^1.0.4"
    inherits "2"
    minimatch "^3.0.4"
    once "^1.3.0"
    path-is-absolute "^1.0.0"

globby@^11.0.3:
  version "11.1.0"
  resolved "http://registry.m.jd.com/globby/download/globby-11.1.0.tgz#bd4be98bb042f83d796f7e3811991fbe82a0d34b"
  integrity sha1-vUvpi7BC+D15b344EZkfvoKg00s=
  dependencies:
    array-union "^2.1.0"
    dir-glob "^3.0.1"
    fast-glob "^3.2.9"
    ignore "^5.2.0"
    merge2 "^1.4.1"
    slash "^3.0.0"

human-signals@^2.1.0:
  version "2.1.0"
  resolved "http://registry.m.jd.com/human-signals/download/human-signals-2.1.0.tgz#dc91fcba42e4d06e4abaed33b3e7a3c02f514ea0"
  integrity sha1-3JH8ukLk0G5Kuu0zs+ejwC9RTqA=

ignore@^5.2.0:
  version "5.2.4"
  resolved "http://registry.m.jd.com/ignore/download/ignore-5.2.4.tgz#a291c0c6178ff1b960befe47fcdec301674a6324"
  integrity sha1-opHAxheP8blgvv5H/N7DAWdKYyQ=

inflight@^1.0.4:
  version "1.0.6"
  resolved "http://registry.m.jd.com/inflight/download/inflight-1.0.6.tgz#49bd6331d7d02d0c09bc910a1075ba8165b56df9"
  integrity sha1-Sb1jMdfQLQwJvJEKEHW6gWW1bfk=
  dependencies:
    once "^1.3.0"
    wrappy "1"

inherits@2:
  version "2.0.4"
  resolved "http://registry.m.jd.com/inherits/download/inherits-2.0.4.tgz#0fa2c64f932917c3433a0ded55363aae37416b7c"
  integrity sha1-D6LGT5MpF8NDOg3tVTY6rjdBa3w=

is-binary-path@~2.1.0:
  version "2.1.0"
  resolved "http://registry.m.jd.com/is-binary-path/download/is-binary-path-2.1.0.tgz#ea1f7f3b80f064236e83470f86c09c254fb45b09"
  integrity sha1-6h9/O4DwZCNug0cPhsCcJU+0Wwk=
  dependencies:
    binary-extensions "^2.0.0"

is-extglob@^2.1.1:
  version "2.1.1"
  resolved "http://registry.m.jd.com/is-extglob/download/is-extglob-2.1.1.tgz#a88c02535791f02ed37c76a1b9ea9773c833f8c2"
  integrity sha1-qIwCU1eR8C7TfHahueqXc8gz+MI=

is-glob@^4.0.1, is-glob@~4.0.1:
  version "4.0.3"
  resolved "http://registry.m.jd.com/is-glob/download/is-glob-4.0.3.tgz#64f61e42cbbb2eec2071a9dac0b28ba1e65d5084"
  integrity sha1-ZPYeQsu7LuwgcanawLKLoeZdUIQ=
  dependencies:
    is-extglob "^2.1.1"

is-number@^7.0.0:
  version "7.0.0"
  resolved "http://registry.m.jd.com/is-number/download/is-number-7.0.0.tgz#7535345b896734d5f80c4d06c50955527a14f12b"
  integrity sha1-dTU0W4lnNNX4DE0GxQlVUnoU8Ss=

is-stream@^2.0.0:
  version "2.0.1"
  resolved "http://registry.m.jd.com/is-stream/download/is-stream-2.0.1.tgz#fac1e3d53b97ad5a9d0ae9cef2389f5810a5c077"
  integrity sha1-+sHj1TuXrVqdCunO8jifWBClwHc=

isexe@^2.0.0:
  version "2.0.0"
  resolved "http://registry.m.jd.com/isexe/download/isexe-2.0.0.tgz#e8fbf374dc556ff8947a10dcb0572d633f2cfa10"
  integrity sha1-6PvzdNxVb/iUehDcsFctYz8s+hA=

joycon@^3.0.1:
  version "3.1.1"
  resolved "http://registry.m.jd.com/joycon/download/joycon-3.1.1.tgz#bce8596d6ae808f8b68168f5fc69280996894f03"
  integrity sha1-vOhZbWroCPi2gWj1/GkoCZaJTwM=

lilconfig@^2.0.5:
  version "2.1.0"
  resolved "http://registry.m.jd.com/lilconfig/download/lilconfig-2.1.0.tgz#78e23ac89ebb7e1bfbf25b18043de756548e7f52"
  integrity sha1-eOI6yJ67fhv78lsYBD3nVlSOf1I=

lines-and-columns@^1.1.6:
  version "1.2.4"
  resolved "http://registry.m.jd.com/lines-and-columns/download/lines-and-columns-1.2.4.tgz#eca284f75d2965079309dc0ad9255abb2ebc1632"
  integrity sha1-7KKE910pZQeTCdwK2SVauy68FjI=

load-tsconfig@^0.2.3:
  version "0.2.5"
  resolved "http://registry.m.jd.com/load-tsconfig/download/load-tsconfig-0.2.5.tgz#453b8cd8961bfb912dea77eb6c168fe8cca3d3a1"
  integrity sha1-RTuM2JYb+5Et6nfrbBaP6Myj06E=

lodash.sortby@^4.7.0:
  version "4.7.0"
  resolved "http://registry.m.jd.com/lodash.sortby/download/lodash.sortby-4.7.0.tgz#edd14c824e2cc9c1e0b0a1b42bb5210516a42438"
  integrity sha1-7dFMgk4sycHgsKG0K7UhBRakJDg=

merge-stream@^2.0.0:
  version "2.0.0"
  resolved "http://registry.m.jd.com/merge-stream/download/merge-stream-2.0.0.tgz#52823629a14dd00c9770fb6ad47dc6310f2c1f60"
  integrity sha1-UoI2KaFN0AyXcPtq1H3GMQ8sH2A=

merge2@^1.3.0, merge2@^1.4.1:
  version "1.4.1"
  resolved "http://registry.m.jd.com/merge2/download/merge2-1.4.1.tgz#4368892f885e907455a6fd7dc55c0c9d404990ae"
  integrity sha1-Q2iJL4hekHRVpv19xVwMnUBJkK4=

micromatch@^4.0.4:
  version "4.0.5"
  resolved "http://registry.m.jd.com/micromatch/download/micromatch-4.0.5.tgz#bc8999a7cbbf77cdc89f132f6e467051b49090c6"
  integrity sha1-vImZp8u/d83InxMvbkZwUbSQkMY=
  dependencies:
    braces "^3.0.2"
    picomatch "^2.3.1"

mimic-fn@^2.1.0:
  version "2.1.0"
  resolved "http://registry.m.jd.com/mimic-fn/download/mimic-fn-2.1.0.tgz#7ed2c2ccccaf84d3ffcb7a69b57711fc2083401b"
  integrity sha1-ftLCzMyvhNP/y3pptXcR/CCDQBs=

minimatch@^3.0.4:
  version "3.1.2"
  resolved "http://registry.m.jd.com/minimatch/download/minimatch-3.1.2.tgz#19cd194bfd3e428f049a70817c038d89ab4be35b"
  integrity sha1-Gc0ZS/0+Qo8EmnCBfAONiatL41s=
  dependencies:
    brace-expansion "^1.1.7"

ms@2.1.2:
  version "2.1.2"
  resolved "http://registry.m.jd.com/ms/download/ms-2.1.2.tgz#d09d1f357b443f493382a8eb3ccd183872ae6009"
  integrity sha1-0J0fNXtEP0kzgqjrPM0YOHKuYAk=

mz@^2.7.0:
  version "2.7.0"
  resolved "http://registry.m.jd.com/mz/download/mz-2.7.0.tgz#95008057a56cafadc2bc63dde7f9ff6955948e32"
  integrity sha1-lQCAV6Vsr63CvGPd5/n/aVWUjjI=
  dependencies:
    any-promise "^1.0.0"
    object-assign "^4.0.1"
    thenify-all "^1.0.0"

normalize-path@^3.0.0, normalize-path@~3.0.0:
  version "3.0.0"
  resolved "http://registry.m.jd.com/normalize-path/download/normalize-path-3.0.0.tgz#0dcd69ff23a1c9b11fd0978316644a0388216a65"
  integrity sha1-Dc1p/yOhybEf0JeDFmRKA4ghamU=

npm-run-path@^4.0.1:
  version "4.0.1"
  resolved "http://registry.m.jd.com/npm-run-path/download/npm-run-path-4.0.1.tgz#b7ecd1e5ed53da8e37a55e1c2269e0b97ed748ea"
  integrity sha1-t+zR5e1T2o43pV4cImnguX7XSOo=
  dependencies:
    path-key "^3.0.0"

object-assign@^4.0.1:
  version "4.1.1"
  resolved "http://registry.m.jd.com/object-assign/download/object-assign-4.1.1.tgz#2109adc7965887cfc05cbbd442cac8bfbb360863"
  integrity sha1-IQmtx5ZYh8/AXLvUQsrIv7s2CGM=

once@^1.3.0:
  version "1.4.0"
  resolved "http://registry.m.jd.com/once/download/once-1.4.0.tgz#583b1aa775961d4b113ac17d9c50baef9dd76bd1"
  integrity sha1-WDsap3WWHUsROsF9nFC6753Xa9E=
  dependencies:
    wrappy "1"

onetime@^5.1.2:
  version "5.1.2"
  resolved "http://registry.m.jd.com/onetime/download/onetime-5.1.2.tgz#d0e96ebb56b07476df1dd9c4806e5237985ca45e"
  integrity sha1-0Oluu1awdHbfHdnEgG5SN5hcpF4=
  dependencies:
    mimic-fn "^2.1.0"

path-is-absolute@^1.0.0:
  version "1.0.1"
  resolved "http://registry.m.jd.com/path-is-absolute/download/path-is-absolute-1.0.1.tgz#174b9268735534ffbc7ace6bf53a5a9e1b5c5f5f"
  integrity sha1-F0uSaHNVNP+8es5r9TpanhtcX18=

path-key@^3.0.0, path-key@^3.1.0:
  version "3.1.1"
  resolved "http://registry.m.jd.com/path-key/download/path-key-3.1.1.tgz#581f6ade658cbba65a0d3380de7753295054f375"
  integrity sha1-WB9q3mWMu6ZaDTOA3ndTKVBU83U=

path-type@^4.0.0:
  version "4.0.0"
  resolved "http://registry.m.jd.com/path-type/download/path-type-4.0.0.tgz#84ed01c0a7ba380afe09d90a8c180dcd9d03043b"
  integrity sha1-hO0BwKe6OAr+CdkKjBgNzZ0DBDs=

picomatch@^2.0.4, picomatch@^2.2.1, picomatch@^2.3.1:
  version "2.3.1"
  resolved "http://registry.m.jd.com/picomatch/download/picomatch-2.3.1.tgz#3ba3833733646d9d3e4995946c1365a67fb07a42"
  integrity sha1-O6ODNzNkbZ0+SZWUbBNlpn+wekI=

pirates@^4.0.1:
  version "4.0.6"
  resolved "http://registry.m.jd.com/pirates/download/pirates-4.0.6.tgz#3018ae32ecfcff6c29ba2267cbf21166ac1f36b9"
  integrity sha1-MBiuMuz8/2wpuiJny/IRZqwfNrk=

postcss-load-config@^4.0.1:
  version "4.0.1"
  resolved "http://registry.m.jd.com/postcss-load-config/download/postcss-load-config-4.0.1.tgz#152383f481c2758274404e4962743191d73875bd"
  integrity sha1-FSOD9IHCdYJ0QE5JYnQxkdc4db0=
  dependencies:
    lilconfig "^2.0.5"
    yaml "^2.1.1"

punycode@^2.1.0:
  version "2.3.1"
  resolved "http://registry.m.jd.com/punycode/download/punycode-2.3.1.tgz#027422e2faec0b25e1549c3e1bd8309b9133b6e5"
  integrity sha1-AnQi4vrsCyXhVJw+G9gwm5EztuU=

queue-microtask@^1.2.2:
  version "1.2.3"
  resolved "http://registry.m.jd.com/queue-microtask/download/queue-microtask-1.2.3.tgz#4929228bbc724dfac43e0efb058caf7b6cfb6243"
  integrity sha1-SSkii7xyTfrEPg77BYyve2z7YkM=

readdirp@~3.6.0:
  version "3.6.0"
  resolved "http://registry.m.jd.com/readdirp/download/readdirp-3.6.0.tgz#74a370bd857116e245b29cc97340cd431a02a6c7"
  integrity sha1-dKNwvYVxFuJFspzJc0DNQxoCpsc=
  dependencies:
    picomatch "^2.2.1"

resolve-from@^5.0.0:
  version "5.0.0"
  resolved "http://registry.m.jd.com/resolve-from/download/resolve-from-5.0.0.tgz#c35225843df8f776df21c57557bc087e9dfdfc69"
  integrity sha1-w1IlhD3493bfIcV1V7wIfp39/Gk=

reusify@^1.0.4:
  version "1.0.4"
  resolved "http://registry.m.jd.com/reusify/download/reusify-1.0.4.tgz#90da382b1e126efc02146e90845a88db12925d76"
  integrity sha1-kNo4Kx4SbvwCFG6QhFqI2xKSXXY=

rollup@^3.2.5:
  version "3.29.4"
  resolved "http://registry.m.jd.com/rollup/download/rollup-3.29.4.tgz#4d70c0f9834146df8705bfb69a9a19c9e1109981"
  integrity sha1-TXDA+YNBRt+HBb+2mpoZyeEQmYE=
  optionalDependencies:
    fsevents "~2.3.2"

run-parallel@^1.1.9:
  version "1.2.0"
  resolved "http://registry.m.jd.com/run-parallel/download/run-parallel-1.2.0.tgz#66d1368da7bdf921eb9d95bd1a9229e7f21a43ee"
  integrity sha1-ZtE2jae9+SHrnZW9GpIp5/IaQ+4=
  dependencies:
    queue-microtask "^1.2.2"

shebang-command@^2.0.0:
  version "2.0.0"
  resolved "http://registry.m.jd.com/shebang-command/download/shebang-command-2.0.0.tgz#ccd0af4f8835fbdc265b82461aaf0c36663f34ea"
  integrity sha1-zNCvT4g1+9wmW4JGGq8MNmY/NOo=
  dependencies:
    shebang-regex "^3.0.0"

shebang-regex@^3.0.0:
  version "3.0.0"
  resolved "http://registry.m.jd.com/shebang-regex/download/shebang-regex-3.0.0.tgz#ae16f1644d873ecad843b0307b143362d4c42172"
  integrity sha1-rhbxZE2HPsrYQ7AwexQzYtTEIXI=

signal-exit@^3.0.3:
  version "3.0.7"
  resolved "http://registry.m.jd.com/signal-exit/download/signal-exit-3.0.7.tgz#a9a1767f8af84155114eaabd73f99273c8f59ad9"
  integrity sha1-qaF2f4r4QVURTqq9c/mSc8j1mtk=

slash@^3.0.0:
  version "3.0.0"
  resolved "http://registry.m.jd.com/slash/download/slash-3.0.0.tgz#6539be870c165adbd5240220dbe361f1bc4d4634"
  integrity sha1-ZTm+hwwWWtvVJAIg2+Nh8bxNRjQ=

source-map@0.8.0-beta.0:
  version "0.8.0-beta.0"
  resolved "http://registry.m.jd.com/source-map/download/source-map-0.8.0-beta.0.tgz#d4c1bb42c3f7ee925f005927ba10709e0d1d1f11"
  integrity sha1-1MG7QsP37pJfAFknuhBwng0dHxE=
  dependencies:
    whatwg-url "^7.0.0"

strip-final-newline@^2.0.0:
  version "2.0.0"
  resolved "http://registry.m.jd.com/strip-final-newline/download/strip-final-newline-2.0.0.tgz#89b852fb2fcbe936f6f4b3187afb0a12c1ab58ad"
  integrity sha1-ibhS+y/L6Tb29LMYevsKEsGrWK0=

sucrase@^3.20.3:
  version "3.34.0"
  resolved "http://registry.m.jd.com/sucrase/download/sucrase-3.34.0.tgz#1e0e2d8fcf07f8b9c3569067d92fbd8690fb576f"
  integrity sha1-Hg4tj88H+LnDVpBn2S+9hpD7V28=
  dependencies:
    "@jridgewell/gen-mapping" "^0.3.2"
    commander "^4.0.0"
    glob "7.1.6"
    lines-and-columns "^1.1.6"
    mz "^2.7.0"
    pirates "^4.0.1"
    ts-interface-checker "^0.1.9"

thenify-all@^1.0.0:
  version "1.6.0"
  resolved "http://registry.m.jd.com/thenify-all/download/thenify-all-1.6.0.tgz#1a1918d402d8fc3f98fbf234db0bcc8cc10e9726"
  integrity sha1-GhkY1ALY/D+Y+/I02wvMjMEOlyY=
  dependencies:
    thenify ">= 3.1.0 < 4"

"thenify@>= 3.1.0 < 4":
  version "3.3.1"
  resolved "http://registry.m.jd.com/thenify/download/thenify-3.3.1.tgz#8932e686a4066038a016dd9e2ca46add9838a95f"
  integrity sha1-iTLmhqQGYDigFt2eLKRq3Zg4qV8=
  dependencies:
    any-promise "^1.0.0"

to-regex-range@^5.0.1:
  version "5.0.1"
  resolved "http://registry.m.jd.com/to-regex-range/download/to-regex-range-5.0.1.tgz#1648c44aae7c8d988a326018ed72f5b4dd0392e4"
  integrity sha1-FkjESq58jZiKMmAY7XL1tN0DkuQ=
  dependencies:
    is-number "^7.0.0"

tr46@^1.0.1:
  version "1.0.1"
  resolved "http://registry.m.jd.com/tr46/download/tr46-1.0.1.tgz#a8b13fd6bfd2489519674ccde55ba3693b706d09"
  integrity sha1-qLE/1r/SSJUZZ0zN5VujaTtwbQk=
  dependencies:
    punycode "^2.1.0"

tree-kill@^1.2.2:
  version "1.2.2"
  resolved "http://registry.m.jd.com/tree-kill/download/tree-kill-1.2.2.tgz#4ca09a9092c88b73a7cdc5e8a01b507b0790a0cc"
  integrity sha1-TKCakJLIi3OnzcXooBtQeweQoMw=

ts-interface-checker@^0.1.9:
  version "0.1.13"
  resolved "http://registry.m.jd.com/ts-interface-checker/download/ts-interface-checker-0.1.13.tgz#784fd3d679722bc103b1b4b8030bcddb5db2a699"
  integrity sha1-eE/T1nlyK8EDsbS4AwvN212yppk=

tsup@^7.2.0:
  version "7.2.0"
  resolved "http://registry.m.jd.com/tsup/download/tsup-7.2.0.tgz#bb24c0d5e436477900c712e42adc67200607303c"
  integrity sha1-uyTA1eQ2R3kAxxLkKtxnIAYHMDw=
  dependencies:
    bundle-require "^4.0.0"
    cac "^6.7.12"
    chokidar "^3.5.1"
    debug "^4.3.1"
    esbuild "^0.18.2"
    execa "^5.0.0"
    globby "^11.0.3"
    joycon "^3.0.1"
    postcss-load-config "^4.0.1"
    resolve-from "^5.0.0"
    rollup "^3.2.5"
    source-map "0.8.0-beta.0"
    sucrase "^3.20.3"
    tree-kill "^1.2.2"

webidl-conversions@^4.0.2:
  version "4.0.2"
  resolved "http://registry.m.jd.com/webidl-conversions/download/webidl-conversions-4.0.2.tgz#a855980b1f0b6b359ba1d5d9fb39ae941faa63ad"
  integrity sha1-qFWYCx8LazWbodXZ+zmulB+qY60=

whatwg-url@^7.0.0:
  version "7.1.0"
  resolved "http://registry.m.jd.com/whatwg-url/download/whatwg-url-7.1.0.tgz#c2c492f1eca612988efd3d2266be1b9fc6170d06"
  integrity sha1-wsSS8eymEpiO/T0iZr4bn8YXDQY=
  dependencies:
    lodash.sortby "^4.7.0"
    tr46 "^1.0.1"
    webidl-conversions "^4.0.2"

which@^2.0.1:
  version "2.0.2"
  resolved "http://registry.m.jd.com/which/download/which-2.0.2.tgz#7c6a8dd0a636a0327e10b59c9286eee93f3f51b1"
  integrity sha1-fGqN0KY2oDJ+ELWckobu6T8/UbE=
  dependencies:
    isexe "^2.0.0"

wrappy@1:
  version "1.0.2"
  resolved "http://registry.m.jd.com/wrappy/download/wrappy-1.0.2.tgz#b5243d8f3ec1aa35f1364605bc0d1036e30ab69f"
  integrity sha1-tSQ9jz7BqjXxNkYFvA0QNuMKtp8=

yaml@^2.1.1:
  version "2.3.4"
  resolved "http://registry.m.jd.com/yaml/download/yaml-2.3.4.tgz#53fc1d514be80aabf386dc6001eb29bf3b7523b2"
  integrity sha1-U/wdUUvoCqvzhtxgAespvzt1I7I=
